
Microsoft Visual Studio Solution File, Format Version 12.00
# Visual Studio Version 17
VisualStudioVersion = 17.2.32526.322
MinimumVisualStudioVersion = 10.0.40219.1
Project("{FAE04EC0-301F-11D3-BF4B-00C04F79EFBC}") = "Homework5", "Homework5\Homework5.csproj", "{851AFBA8-6AA3-4572-8323-4FEEEB43AC0A}"
EndProject
Global
	GlobalSection(SolutionConfigurationPlatforms) = preSolution
		Debug|Any CPU = Debug|Any CPU
		Release|Any CPU = Release|Any CPU
	EndGlobalSection
	GlobalSection(ProjectConfigurationPlatforms) = postSolution
		{851AFBA8-6AA3-4572-8323-4FEEEB43AC0A}.Debug|Any CPU.ActiveCfg = Debug|Any CPU
		{851AFBA8-6AA3-4572-8323-4FEEEB43AC0A}.Debug|Any CPU.Build.0 = Debug|Any CPU
		{851AFBA8-6AA3-4572-8323-4FEEEB43AC0A}.Release|Any CPU.ActiveCfg = Release|Any CPU
		{851AFBA8-6AA3-4572-8323-4FEEEB43AC0A}.Release|Any CPU.Build.0 = Release|Any CPU
	EndGlobalSection
	GlobalSection(SolutionProperties) = preSolution
		HideSolutionNode = FALSE
	EndGlobalSection
	GlobalSection(ExtensibilityGlobals) = postSolution
		SolutionGuid = {3E6FCC1B-7321-493B-A1F5-16DBB5ACA652}
	EndGlobalSection
EndGlobal
